# This file is automatically @generated by Cargo.
# It is not intended for manual editing.
[[package]]
name = "libc"
version = "0.2.51"
source = "registry+https://github.com/rust-lang/crates.io-index"

[[package]]
name = "num_cpus"
version = "1.10.0"
source = "registry+https://github.com/rust-lang/crates.io-index"
dependencies = [
 "libc 0.2.51 (registry+https://github.com/rust-lang/crates.io-index)",
]

[[package]]
name = "zerosim-trace"
version = "0.1.0"
dependencies = [
 "libc 0.2.51 (registry+https://github.com/rust-lang/crates.io-index)",
 "num_cpus 1.10.0 (registry+https://github.com/rust-lang/crates.io-index)",
]

[metadata]
"checksum libc 0.2.51 (registry+https://github.com/rust-lang/crates.io-index)" = "bedcc7a809076656486ffe045abeeac163da1b558e963a31e29fbfbeba916917"
"checksum num_cpus 1.10.0 (registry+https://github.com/rust-lang/crates.io-index)" = "1a23f0ed30a54abaa0c7e83b1d2d87ada7c3c23078d1d87815af3e3b6385fbba"
